
Microsoft Visual Studio Solution File, Format Version 12.00
# Visual Studio Version 17
VisualStudioVersion = 17.3.32929.385
MinimumVisualStudioVersion = 10.0.40219.1
Project("{888888A0-9F3D-457C-B088-3A5042F75D52}") = "Tasarım_II", "Tasarım_II\Tasarım_II.pyproj", "{E7D912A3-29B9-4C5A-83B6-DE72FC9702FA}"
EndProject
Global
	GlobalSection(SolutionConfigurationPlatforms) = preSolution
		Debug|Any CPU = Debug|Any CPU
		Release|Any CPU = Release|Any CPU
	EndGlobalSection
	GlobalSection(ProjectConfigurationPlatforms) = postSolution
		{E7D912A3-29B9-4C5A-83B6-DE72FC9702FA}.Debug|Any CPU.ActiveCfg = Debug|Any CPU
		{E7D912A3-29B9-4C5A-83B6-DE72FC9702FA}.Release|Any CPU.ActiveCfg = Release|Any CPU
	EndGlobalSection
	GlobalSection(SolutionProperties) = preSolution
		HideSolutionNode = FALSE
	EndGlobalSection
	GlobalSection(ExtensibilityGlobals) = postSolution
		SolutionGuid = {FD17F3E8-5D93-4070-9E43-B90BD6B5C464}
	EndGlobalSection
EndGlobal
